
Microsoft Visual Studio Solution File, Format Version 12.00
# Visual Studio Version 16
VisualStudioVersion = 16.0.30114.105
MinimumVisualStudioVersion = 10.0.40219.1
Project("{FAE04EC0-301F-11D3-BF4B-00C04F79EFBC}") = "whales", "whales\whales.csproj", "{D43509DC-136A-47C4-8ED1-4013A5E85005}"
EndProject
Project("{FAE04EC0-301F-11D3-BF4B-00C04F79EFBC}") = "multi-container.migrations", "multi-container.migrations\multi-container.migrations.csproj", "{AD178C16-9D8E-4E32-AA1A-11C289DF001B}"
EndProject
Project("{FAE04EC0-301F-11D3-BF4B-00C04F79EFBC}") = "multi-container.data", "multi-container.data\multi-container.data.csproj", "{AD426033-270B-41C7-A9EB-505836902ADD}"
EndProject
Global
	GlobalSection(SolutionConfigurationPlatforms) = preSolution
		Debug|Any CPU = Debug|Any CPU
		Debug|x64 = Debug|x64
		Debug|x86 = Debug|x86
		Release|Any CPU = Release|Any CPU
		Release|x64 = Release|x64
		Release|x86 = Release|x86
	EndGlobalSection
	GlobalSection(SolutionProperties) = preSolution
		HideSolutionNode = FALSE
	EndGlobalSection
	GlobalSection(ProjectConfigurationPlatforms) = postSolution
		{D43509DC-136A-47C4-8ED1-4013A5E85005}.Debug|Any CPU.ActiveCfg = Debug|Any CPU
		{D43509DC-136A-47C4-8ED1-4013A5E85005}.Debug|Any CPU.Build.0 = Debug|Any CPU
		{D43509DC-136A-47C4-8ED1-4013A5E85005}.Debug|x64.ActiveCfg = Debug|Any CPU
		{D43509DC-136A-47C4-8ED1-4013A5E85005}.Debug|x64.Build.0 = Debug|Any CPU
		{D43509DC-136A-47C4-8ED1-4013A5E85005}.Debug|x86.ActiveCfg = Debug|Any CPU
		{D43509DC-136A-47C4-8ED1-4013A5E85005}.Debug|x86.Build.0 = Debug|Any CPU
		{D43509DC-136A-47C4-8ED1-4013A5E85005}.Release|Any CPU.ActiveCfg = Release|Any CPU
		{D43509DC-136A-47C4-8ED1-4013A5E85005}.Release|Any CPU.Build.0 = Release|Any CPU
		{D43509DC-136A-47C4-8ED1-4013A5E85005}.Release|x64.ActiveCfg = Release|Any CPU
		{D43509DC-136A-47C4-8ED1-4013A5E85005}.Release|x64.Build.0 = Release|Any CPU
		{D43509DC-136A-47C4-8ED1-4013A5E85005}.Release|x86.ActiveCfg = Release|Any CPU
		{D43509DC-136A-47C4-8ED1-4013A5E85005}.Release|x86.Build.0 = Release|Any CPU
		{AD178C16-9D8E-4E32-AA1A-11C289DF001B}.Debug|Any CPU.ActiveCfg = Debug|Any CPU
		{AD178C16-9D8E-4E32-AA1A-11C289DF001B}.Debug|Any CPU.Build.0 = Debug|Any CPU
		{AD178C16-9D8E-4E32-AA1A-11C289DF001B}.Debug|x64.ActiveCfg = Debug|Any CPU
		{AD178C16-9D8E-4E32-AA1A-11C289DF001B}.Debug|x64.Build.0 = Debug|Any CPU
		{AD178C16-9D8E-4E32-AA1A-11C289DF001B}.Debug|x86.ActiveCfg = Debug|Any CPU
		{AD178C16-9D8E-4E32-AA1A-11C289DF001B}.Debug|x86.Build.0 = Debug|Any CPU
		{AD178C16-9D8E-4E32-AA1A-11C289DF001B}.Release|Any CPU.ActiveCfg = Release|Any CPU
		{AD178C16-9D8E-4E32-AA1A-11C289DF001B}.Release|Any CPU.Build.0 = Release|Any CPU
		{AD178C16-9D8E-4E32-AA1A-11C289DF001B}.Release|x64.ActiveCfg = Release|Any CPU
		{AD178C16-9D8E-4E32-AA1A-11C289DF001B}.Release|x64.Build.0 = Release|Any CPU
		{AD178C16-9D8E-4E32-AA1A-11C289DF001B}.Release|x86.ActiveCfg = Release|Any CPU
		{AD178C16-9D8E-4E32-AA1A-11C289DF001B}.Release|x86.Build.0 = Release|Any CPU
		{AD426033-270B-41C7-A9EB-505836902ADD}.Debug|Any CPU.ActiveCfg = Debug|Any CPU
		{AD426033-270B-41C7-A9EB-505836902ADD}.Debug|Any CPU.Build.0 = Debug|Any CPU
		{AD426033-270B-41C7-A9EB-505836902ADD}.Debug|x64.ActiveCfg = Debug|Any CPU
		{AD426033-270B-41C7-A9EB-505836902ADD}.Debug|x64.Build.0 = Debug|Any CPU
		{AD426033-270B-41C7-A9EB-505836902ADD}.Debug|x86.ActiveCfg = Debug|Any CPU
		{AD426033-270B-41C7-A9EB-505836902ADD}.Debug|x86.Build.0 = Debug|Any CPU
		{AD426033-270B-41C7-A9EB-505836902ADD}.Release|Any CPU.ActiveCfg = Release|Any CPU
		{AD426033-270B-41C7-A9EB-505836902ADD}.Release|Any CPU.Build.0 = Release|Any CPU
		{AD426033-270B-41C7-A9EB-505836902ADD}.Release|x64.ActiveCfg = Release|Any CPU
		{AD426033-270B-41C7-A9EB-505836902ADD}.Release|x64.Build.0 = Release|Any CPU
		{AD426033-270B-41C7-A9EB-505836902ADD}.Release|x86.ActiveCfg = Release|Any CPU
		{AD426033-270B-41C7-A9EB-505836902ADD}.Release|x86.Build.0 = Release|Any CPU
	EndGlobalSection
EndGlobal
