
Microsoft Visual Studio Solution File, Format Version 12.00
# Visual Studio Version 16
VisualStudioVersion = 16.0.30114.105
MinimumVisualStudioVersion = 10.0.40219.1
Project("{FAE04EC0-301F-11D3-BF4B-00C04F79EFBC}") = "bakery-web", "bakery-web\bakery-web.csproj", "{0AC53A18-D764-4E51-8C40-E90D539DBCD5}"
EndProject
Project("{FAE04EC0-301F-11D3-BF4B-00C04F79EFBC}") = "bakery-data", "bakery-data\bakery-data.csproj", "{2FA7F1E2-C558-4A85-B786-EAA4B3482480}"
EndProject
Global
	GlobalSection(SolutionConfigurationPlatforms) = preSolution
		Debug|Any CPU = Debug|Any CPU
		Release|Any CPU = Release|Any CPU
	EndGlobalSection
	GlobalSection(SolutionProperties) = preSolution
		HideSolutionNode = FALSE
	EndGlobalSection
	GlobalSection(ProjectConfigurationPlatforms) = postSolution
		{0AC53A18-D764-4E51-8C40-E90D539DBCD5}.Debug|Any CPU.ActiveCfg = Debug|Any CPU
		{0AC53A18-D764-4E51-8C40-E90D539DBCD5}.Debug|Any CPU.Build.0 = Debug|Any CPU
		{0AC53A18-D764-4E51-8C40-E90D539DBCD5}.Release|Any CPU.ActiveCfg = Release|Any CPU
		{0AC53A18-D764-4E51-8C40-E90D539DBCD5}.Release|Any CPU.Build.0 = Release|Any CPU
		{2FA7F1E2-C558-4A85-B786-EAA4B3482480}.Debug|Any CPU.ActiveCfg = Debug|Any CPU
		{2FA7F1E2-C558-4A85-B786-EAA4B3482480}.Debug|Any CPU.Build.0 = Debug|Any CPU
		{2FA7F1E2-C558-4A85-B786-EAA4B3482480}.Release|Any CPU.ActiveCfg = Release|Any CPU
		{2FA7F1E2-C558-4A85-B786-EAA4B3482480}.Release|Any CPU.Build.0 = Release|Any CPU
	EndGlobalSection
EndGlobal
