
Microsoft Visual Studio Solution File, Format Version 12.00
# Visual Studio Version 17
VisualStudioVersion = 17.0.31903.59
MinimumVisualStudioVersion = 10.0.40219.1
Project("{FAE04EC0-301F-11D3-BF4B-00C04F79EFBC}") = "mtg-collection", "mtg-collection\mtg-collection.csproj", "{F4C29266-E13E-4506-B6D8-064D8365ADAE}"
EndProject
Global
	GlobalSection(SolutionConfigurationPlatforms) = preSolution
		Debug|Any CPU = Debug|Any CPU
		Release|Any CPU = Release|Any CPU
	EndGlobalSection
	GlobalSection(SolutionProperties) = preSolution
		HideSolutionNode = FALSE
	EndGlobalSection
	GlobalSection(ProjectConfigurationPlatforms) = postSolution
		{F4C29266-E13E-4506-B6D8-064D8365ADAE}.Debug|Any CPU.ActiveCfg = Debug|Any CPU
		{F4C29266-E13E-4506-B6D8-064D8365ADAE}.Debug|Any CPU.Build.0 = Debug|Any CPU
		{F4C29266-E13E-4506-B6D8-064D8365ADAE}.Release|Any CPU.ActiveCfg = Release|Any CPU
		{F4C29266-E13E-4506-B6D8-064D8365ADAE}.Release|Any CPU.Build.0 = Release|Any CPU
	EndGlobalSection
EndGlobal
